{
  "name": "schema2amis",
  "version": "1.0.0",
  "lockfileVersion": 1,
  "requires": true,
  "dependencies": {
    "@types/node": {
      "version": "14.0.23",
      "resolved": "http://registry.npm.baidu-int.com/@types%2fnode/-/node-14.0.23.tgz",
      "integrity": "sha1-Z2+giDRQ7Z2guyQVYhNjYpCJKAY=",
      "dev": true
    },
    "arg": {
      "version": "4.1.3",
      "resolved": "http://registry.npm.baidu-int.com/arg/-/arg-4.1.3.tgz",
      "integrity": "sha1-Jp/HrVuOQstjyJbVZmAXJhwUQIk=",
      "dev": true
    },
    "buffer-from": {
      "version": "1.1.1",
      "resolved": "http://registry.npm.baidu-int.com/buffer-from/-/buffer-from-1.1.1.tgz",
      "integrity": "sha512-MQcXEUbCKtEo7bhqEs6560Hyd4XaovZlO/k9V3hjVUF/zwW7KBVdSK4gIt/bzwS9MbR5qob+F5jusZsb0YQK2A==",
      "dev": true
    },
    "diff": {
      "version": "4.0.2",
      "resolved": "http://registry.npm.baidu-int.com/diff/-/diff-4.0.2.tgz",
      "integrity": "sha1-YPOuy4nV+uUgwRqhnvwruYKq3n0=",
      "dev": true
    },
    "jgexml": {
      "version": "0.4.3",
      "resolved": "http://registry.npm.baidu-int.com/jgexml/-/jgexml-0.4.3.tgz",
      "integrity": "sha1-K0qSHqi5q8gTfYtnH9CTXqt/phY="
    },
    "make-error": {
      "version": "1.3.6",
      "resolved": "http://registry.npm.baidu-int.com/make-error/-/make-error-1.3.6.tgz",
      "integrity": "sha1-LrLjfqm2fEiR9oShOUeZr0hM96I=",
      "dev": true
    },
    "source-map": {
      "version": "0.6.1",
      "resolved": "http://registry.npm.baidu-int.com/source-map/-/source-map-0.6.1.tgz",
      "integrity": "sha1-dHIq8y6WFOnCh6jQu95IteLxomM=",
      "dev": true
    },
    "source-map-support": {
      "version": "0.5.19",
      "resolved": "http://registry.npm.baidu-int.com/source-map-support/-/source-map-support-0.5.19.tgz",
      "integrity": "sha1-qYti+G3K9PZzmWSMCFKRq56P7WE=",
      "dev": true,
      "requires": {
        "buffer-from": "^1.0.0",
        "source-map": "^0.6.0"
      }
    },
    "ts-node": {
      "version": "8.10.2",
      "resolved": "http://registry.npm.baidu-int.com/ts-node/-/ts-node-8.10.2.tgz",
      "integrity": "sha1-7uA3ZGM7EjTd03+NuewQt17H+40=",
      "dev": true,
      "requires": {
        "arg": "^4.1.0",
        "diff": "^4.0.1",
        "make-error": "^1.1.1",
        "source-map-support": "^0.5.17",
        "yn": "3.1.1"
      }
    },
    "typescript": {
      "version": "3.9.7",
      "resolved": "http://registry.npm.baidu-int.com/typescript/-/typescript-3.9.7.tgz",
      "integrity": "sha1-mNYApevcOPQMsndSLxLcgA6eJfo=",
      "dev": true
    },
    "yn": {
      "version": "3.1.1",
      "resolved": "http://registry.npm.baidu-int.com/yn/-/yn-3.1.1.tgz",
      "integrity": "sha512-Ux4ygGWsu2c7isFWe8Yu1YluJmqVhxqK2cLXNQA5AcC3QfbGNpM7fu0Y8b/z16pXLnFxZYvWhd3fhBY9DLmC6Q==",
      "dev": true
    }
  }
}
