{
  "name": "schema2amis",
  "version": "1.0.0",
  "lockfileVersion": 1,
  "requires": true,
  "dependencies": {
    "@babel/runtime": {
      "version": "7.10.5",
      "resolved": "http://registry.npm.baidu-int.com/@babel%2fruntime/-/runtime-7.10.5.tgz",
      "integrity": "sha1-MD2L1EDs1aSR6uYRf9M2dphnTFw=",
      "dev": true,
      "requires": {
        "regenerator-runtime": "^0.13.4"
      }
    },
    "@types/json-schema": {
      "version": "7.0.5",
      "resolved": "http://registry.npm.baidu-int.com/@types%2fjson-schema/-/json-schema-7.0.5.tgz",
      "integrity": "sha1-3M5EMOZLRDuolF8CkPtWStW6xt0=",
      "dev": true
    },
    "@types/lodash": {
      "version": "4.14.157",
      "resolved": "http://registry.npm.baidu-int.com/@types%2flodash/-/lodash-4.14.157.tgz",
      "integrity": "sha1-/awcUkSIYd/eGi4VFdvEblSSbcg="
    },
    "@types/node": {
      "version": "14.0.23",
      "resolved": "http://registry.npm.baidu-int.com/@types%2fnode/-/node-14.0.23.tgz",
      "integrity": "sha1-Z2+giDRQ7Z2guyQVYhNjYpCJKAY=",
      "dev": true
    },
    "add-dom-event-listener": {
      "version": "1.1.0",
      "resolved": "http://registry.npm.baidu-int.com/add-dom-event-listener/-/add-dom-event-listener-1.1.0.tgz",
      "integrity": "sha512-WCxx1ixHT0GQU9hb0KI/mhgRQhnU+U3GvwY6ZvVjYq8rsihIGoaIOUbY0yMPBxLH5MDtr0kz3fisWGNcbWW7Jw==",
      "dev": true,
      "requires": {
        "object-assign": "4.x"
      }
    },
    "amis": {
      "version": "1.0.14",
      "resolved": "http://registry.npm.baidu-int.com/amis/-/amis-1.0.14.tgz",
      "integrity": "sha1-fREnb1GG6u7a2Jiaidf0jSmZs5I=",
      "dev": true,
      "requires": {
        "async": "2.6.0",
        "attr-accept": "1.1.3",
        "autobind-decorator": "2.4.0",
        "blueimp-canvastoblob": "2.1.0",
        "classnames": "2.2.5",
        "dom-helpers": "^3.3.1",
        "downshift": "3.1.4",
        "echarts": "^4.1.0",
        "flv.js": "1.5.0",
        "froala-editor": "2.9.6",
        "history": "4.7.2",
        "hls.js": "0.12.2",
        "hoist-non-react-statics": "3.3.0",
        "jquery": "^3.2.1",
        "keycode": "^2.1.9",
        "lodash": "^4.17.15",
        "match-sorter": "2.2.1",
        "mobx": "^4.5.0",
        "mobx-react": "^6.1.4",
        "mobx-state-tree": "^3.7.0",
        "moment": "^2.19.3",
        "monaco-editor": "0.17.1",
        "prop-types": "^15.6.1",
        "qrcode.react": "^0.8.0",
        "qs": "6.5.1",
        "rc-input-number": "4.4.5",
        "react": "^16.8.6",
        "react-addons-update": "15.6.2",
        "react-color": "2.13.8",
        "react-cropper": "1.0.0",
        "react-datetime": "2.16.0",
        "react-dom": "^16.8.6",
        "react-dropzone": "10.1.10",
        "react-input-range": "1.2.1",
        "react-json-tree": "0.11.0",
        "react-overlays": "0.8.3",
        "react-progress-2": "^4.4.2",
        "react-select": "1.2.1",
        "react-textarea-autosize": "5.1.0",
        "react-transition-group": "2.9.0",
        "react-visibility-sensor": "3.11.0",
        "redux": "^3.7.2",
        "setimmediate": "1.0.5",
        "sortablejs": "1.10.0",
        "tinymce": "5.2.2",
        "tslib": "^1.10.0",
        "uncontrollable": "7.0.2",
        "video-react": "0.9.4"
      }
    },
    "arg": {
      "version": "4.1.3",
      "resolved": "http://registry.npm.baidu-int.com/arg/-/arg-4.1.3.tgz",
      "integrity": "sha1-Jp/HrVuOQstjyJbVZmAXJhwUQIk=",
      "dev": true
    },
    "asap": {
      "version": "2.0.6",
      "resolved": "http://registry.npm.baidu-int.com/asap/-/asap-2.0.6.tgz",
      "integrity": "sha1-5QNHYR1+aQlDIIu9r+vLwvuGbUY=",
      "dev": true
    },
    "async": {
      "version": "2.6.0",
      "resolved": "http://registry.npm.baidu-int.com/async/-/async-2.6.0.tgz",
      "integrity": "sha1-YaKau2/MAm/qd+VtHG7FOnlZUfQ=",
      "dev": true,
      "requires": {
        "lodash": "^4.14.0"
      }
    },
    "attr-accept": {
      "version": "1.1.3",
      "resolved": "http://registry.npm.baidu-int.com/attr-accept/-/attr-accept-1.1.3.tgz",
      "integrity": "sha512-iT40nudw8zmCweivz6j58g+RT33I4KbaIvRUhjNmDwO2WmsQUxFEZZYZ5w3vXe5x5MX9D7mfvA/XaLOZYFR9EQ==",
      "dev": true,
      "requires": {
        "core-js": "^2.5.0"
      }
    },
    "autobind-decorator": {
      "version": "2.4.0",
      "resolved": "http://registry.npm.baidu-int.com/autobind-decorator/-/autobind-decorator-2.4.0.tgz",
      "integrity": "sha1-6p4cmHCM87WzVvfPnxDyZf8YI5w=",
      "dev": true
    },
    "babel-runtime": {
      "version": "6.26.0",
      "resolved": "http://registry.npm.baidu-int.com/babel-runtime/-/babel-runtime-6.26.0.tgz",
      "integrity": "sha1-llxwWGaOgrVde/4E/yM3vItWR/4=",
      "dev": true,
      "requires": {
        "core-js": "^2.4.0",
        "regenerator-runtime": "^0.11.0"
      },
      "dependencies": {
        "regenerator-runtime": {
          "version": "0.11.1",
          "resolved": "http://registry.npm.baidu-int.com/regenerator-runtime/-/regenerator-runtime-0.11.1.tgz",
          "integrity": "sha1-vgWtf5v30i4Fb5cmzuUBf78Z4uk=",
          "dev": true
        }
      }
    },
    "base16": {
      "version": "1.0.0",
      "resolved": "http://registry.npm.baidu-int.com/base16/-/base16-1.0.0.tgz",
      "integrity": "sha1-4pf2DX7BAUp6lxo568ipjAtoHnA=",
      "dev": true
    },
    "blueimp-canvastoblob": {
      "version": "2.1.0",
      "resolved": "http://registry.npm.baidu-int.com/blueimp-canvastoblob/-/blueimp-canvastoblob-2.1.0.tgz",
      "integrity": "sha1-ACpvIJiQy1GAZAgw1afodaYrUaA=",
      "dev": true
    },
    "buffer-from": {
      "version": "1.1.1",
      "resolved": "http://registry.npm.baidu-int.com/buffer-from/-/buffer-from-1.1.1.tgz",
      "integrity": "sha512-MQcXEUbCKtEo7bhqEs6560Hyd4XaovZlO/k9V3hjVUF/zwW7KBVdSK4gIt/bzwS9MbR5qob+F5jusZsb0YQK2A==",
      "dev": true
    },
    "classnames": {
      "version": "2.2.5",
      "resolved": "http://registry.npm.baidu-int.com/classnames/-/classnames-2.2.5.tgz",
      "integrity": "sha1-+zgB1FNGdknvNgPH1hoCvRKb3m0=",
      "dev": true
    },
    "compute-scroll-into-view": {
      "version": "1.0.14",
      "resolved": "http://registry.npm.baidu-int.com/compute-scroll-into-view/-/compute-scroll-into-view-1.0.14.tgz",
      "integrity": "sha1-gOPrsl1qqJ9C5TOVbLSxagTP51k=",
      "dev": true
    },
    "core-js": {
      "version": "2.6.11",
      "resolved": "http://registry.npm.baidu-int.com/core-js/-/core-js-2.6.11.tgz",
      "integrity": "sha1-OIMUafmSK97Y7iHJ3EaYXgOZMIw=",
      "dev": true
    },
    "create-react-class": {
      "version": "15.6.3",
      "resolved": "http://registry.npm.baidu-int.com/create-react-class/-/create-react-class-15.6.3.tgz",
      "integrity": "sha1-LXMjf7P5cK5uvgEanmb0bbyoADY=",
      "dev": true,
      "requires": {
        "fbjs": "^0.8.9",
        "loose-envify": "^1.3.1",
        "object-assign": "^4.1.1"
      }
    },
    "cropperjs": {
      "version": "1.0.0-rc.3",
      "resolved": "http://registry.npm.baidu-int.com/cropperjs/-/cropperjs-1.0.0-rc.3.tgz",
      "integrity": "sha1-UKfHYRvvxEJwL4Re3nfX30Vy6Cs=",
      "dev": true
    },
    "diff": {
      "version": "4.0.2",
      "resolved": "http://registry.npm.baidu-int.com/diff/-/diff-4.0.2.tgz",
      "integrity": "sha1-YPOuy4nV+uUgwRqhnvwruYKq3n0=",
      "dev": true
    },
    "dom-helpers": {
      "version": "3.4.0",
      "resolved": "http://registry.npm.baidu-int.com/dom-helpers/-/dom-helpers-3.4.0.tgz",
      "integrity": "sha512-LnuPJ+dwqKDIyotW1VzmOZ5TONUN7CwkCR5hrgawTUbkBGYdeoNLZo6nNfGkCrjtE1nXXaj7iMMpDa8/d9WoIA==",
      "dev": true,
      "requires": {
        "@babel/runtime": "^7.1.2"
      }
    },
    "downshift": {
      "version": "3.1.4",
      "resolved": "http://registry.npm.baidu-int.com/downshift/-/downshift-3.1.4.tgz",
      "integrity": "sha512-BR8qqszmRoCHGhFi9TLleV1o0ATo18CJhxjBncnIebscCVRk29WoLxrHUWgG8ND8Tl5CeH+Tc86ATYyZefikAw==",
      "dev": true,
      "requires": {
        "@babel/runtime": "^7.1.2",
        "compute-scroll-into-view": "^1.0.9",
        "prop-types": "^15.6.0",
        "react-is": "^16.5.2"
      }
    },
    "echarts": {
      "version": "4.8.0",
      "resolved": "http://registry.npm.baidu-int.com/echarts/-/echarts-4.8.0.tgz",
      "integrity": "sha1-ssHPuSKbE9No7hBPyO6mALV01MQ=",
      "dev": true,
      "requires": {
        "zrender": "4.3.1"
      }
    },
    "encoding": {
      "version": "0.1.13",
      "resolved": "http://registry.npm.baidu-int.com/encoding/-/encoding-0.1.13.tgz",
      "integrity": "sha1-VldK/deR9UqOmyeFwFgqLSYhD6k=",
      "dev": true,
      "requires": {
        "iconv-lite": "^0.6.2"
      }
    },
    "es6-promise": {
      "version": "4.2.8",
      "resolved": "http://registry.npm.baidu-int.com/es6-promise/-/es6-promise-4.2.8.tgz",
      "integrity": "sha512-HJDGx5daxeIvxdBxvG2cb9g4tEvwIk3i8+nhX0yGrYmZUzbkdg8QbDevheDB8gd0//uPj4c1EQua8Q+MViT0/w==",
      "dev": true
    },
    "eventemitter3": {
      "version": "3.1.0",
      "resolved": "http://registry.npm.baidu-int.com/eventemitter3/-/eventemitter3-3.1.0.tgz",
      "integrity": "sha512-ivIvhpq/Y0uSjcHDcOIccjmYjGLcP09MFGE7ysAwkAvkXfpZlC985pH2/ui64DKazbTW/4kN3yqozUxlXzI6cA==",
      "dev": true
    },
    "fbjs": {
      "version": "0.8.17",
      "resolved": "http://registry.npm.baidu-int.com/fbjs/-/fbjs-0.8.17.tgz",
      "integrity": "sha1-xNWY6taUkRJlPWWIsBpc3Nn5D90=",
      "dev": true,
      "requires": {
        "core-js": "^1.0.0",
        "isomorphic-fetch": "^2.1.1",
        "loose-envify": "^1.0.0",
        "object-assign": "^4.1.0",
        "promise": "^7.1.1",
        "setimmediate": "^1.0.5",
        "ua-parser-js": "^0.7.18"
      },
      "dependencies": {
        "core-js": {
          "version": "1.2.7",
          "resolved": "http://registry.npm.baidu-int.com/core-js/-/core-js-1.2.7.tgz",
          "integrity": "sha1-ZSKUwUZR2yj6k70tX/KYOk8IxjY=",
          "dev": true
        }
      }
    },
    "file-selector": {
      "version": "0.1.12",
      "resolved": "http://registry.npm.baidu-int.com/file-selector/-/file-selector-0.1.12.tgz",
      "integrity": "sha1-/nJlR74hmnh6ncxkBXWgSgMrH9A=",
      "dev": true,
      "requires": {
        "tslib": "^1.9.0"
      }
    },
    "flv.js": {
      "version": "1.5.0",
      "resolved": "http://registry.npm.baidu-int.com/flv.js/-/flv.js-1.5.0.tgz",
      "integrity": "sha1-+lm+1DkdcENc+odArEDsAHDvmK4=",
      "dev": true,
      "requires": {
        "es6-promise": "^4.2.5",
        "webworkify": "^1.5.0"
      }
    },
    "font-awesome": {
      "version": "4.7.0",
      "resolved": "http://registry.npm.baidu-int.com/font-awesome/-/font-awesome-4.7.0.tgz",
      "integrity": "sha1-j6jPBBGhoxr9B7BtKQK7n8gVoTM=",
      "dev": true
    },
    "froala-editor": {
      "version": "2.9.6",
      "resolved": "http://registry.npm.baidu-int.com/froala-editor/-/froala-editor-2.9.6.tgz",
      "integrity": "sha512-brm8Xuj7YwPhlUBTA/WvUkQjYPk0xu5gfuK6qTUbKAsumhEXNv5xOHS1AQ94tBHKev4Tm1egMHZEVWu2QHn4QQ==",
      "dev": true,
      "requires": {
        "font-awesome": ">=4.4.0",
        "jquery": ">=1.11.0"
      }
    },
    "history": {
      "version": "4.7.2",
      "resolved": "http://registry.npm.baidu-int.com/history/-/history-4.7.2.tgz",
      "integrity": "sha1-IrXH8xYzxbgCHH9KipVKwTnujVs=",
      "dev": true,
      "requires": {
        "invariant": "^2.2.1",
        "loose-envify": "^1.2.0",
        "resolve-pathname": "^2.2.0",
        "value-equal": "^0.4.0",
        "warning": "^3.0.0"
      }
    },
    "hls.js": {
      "version": "0.12.2",
      "resolved": "http://registry.npm.baidu-int.com/hls.js/-/hls.js-0.12.2.tgz",
      "integrity": "sha1-ZKlpp4zCWZHtXeGTV7HcPxeKwjs=",
      "dev": true,
      "requires": {
        "eventemitter3": "3.1.0",
        "url-toolkit": "^2.1.6"
      }
    },
    "hoist-non-react-statics": {
      "version": "3.3.0",
      "resolved": "http://registry.npm.baidu-int.com/hoist-non-react-statics/-/hoist-non-react-statics-3.3.0.tgz",
      "integrity": "sha1-sJF48BIhhPuVrPUl2q7LTY9FlYs=",
      "dev": true,
      "requires": {
        "react-is": "^16.7.0"
      }
    },
    "iconv-lite": {
      "version": "0.6.2",
      "resolved": "http://registry.npm.baidu-int.com/iconv-lite/-/iconv-lite-0.6.2.tgz",
      "integrity": "sha1-zhPRh1sMOmdL1qBLf3awGxtt7QE=",
      "dev": true,
      "requires": {
        "safer-buffer": ">= 2.1.2 < 3.0.0"
      }
    },
    "invariant": {
      "version": "2.2.4",
      "resolved": "http://registry.npm.baidu-int.com/invariant/-/invariant-2.2.4.tgz",
      "integrity": "sha1-YQ88ksk1nOHbYW5TgAjSP/NRWOY=",
      "dev": true,
      "requires": {
        "loose-envify": "^1.0.0"
      }
    },
    "is-stream": {
      "version": "1.1.0",
      "resolved": "http://registry.npm.baidu-int.com/is-stream/-/is-stream-1.1.0.tgz",
      "integrity": "sha1-EtSj3U5o4Lec6428hBc66A2RykQ=",
      "dev": true
    },
    "isomorphic-fetch": {
      "version": "2.2.1",
      "resolved": "http://registry.npm.baidu-int.com/isomorphic-fetch/-/isomorphic-fetch-2.2.1.tgz",
      "integrity": "sha1-YRrhrPFPXoH3KVB0coGf6XM1WKk=",
      "dev": true,
      "requires": {
        "node-fetch": "^1.0.1",
        "whatwg-fetch": ">=0.10.0"
      }
    },
    "jgexml": {
      "version": "0.4.3",
      "resolved": "http://registry.npm.baidu-int.com/jgexml/-/jgexml-0.4.3.tgz",
      "integrity": "sha1-K0qSHqi5q8gTfYtnH9CTXqt/phY="
    },
    "jquery": {
      "version": "3.5.1",
      "resolved": "http://registry.npm.baidu-int.com/jquery/-/jquery-3.5.1.tgz",
      "integrity": "sha1-17TQjhv9uGrS8aPQOeoXMEcXq7U=",
      "dev": true
    },
    "js-tokens": {
      "version": "4.0.0",
      "resolved": "http://registry.npm.baidu-int.com/js-tokens/-/js-tokens-4.0.0.tgz",
      "integrity": "sha1-GSA/tZmR35jjoocFDUZHzerzJJk=",
      "dev": true
    },
    "json-schema": {
      "version": "0.2.5",
      "resolved": "http://registry.npm.baidu-int.com/json-schema/-/json-schema-0.2.5.tgz",
      "integrity": "sha512-gWJOWYFrhQ8j7pVm0EM8Slr+EPVq1Phf6lvzvD/WCeqkrx/f2xBI0xOsRRS9xCn3I4vKtP519dvs3TP09r24wQ==",
      "dev": true
    },
    "keycode": {
      "version": "2.2.0",
      "resolved": "http://registry.npm.baidu-int.com/keycode/-/keycode-2.2.0.tgz",
      "integrity": "sha1-PQr1bce4uOXLqNCpfxByBO7CKwQ=",
      "dev": true
    },
    "lodash": {
      "version": "4.17.19",
      "resolved": "http://registry.npm.baidu-int.com/lodash/-/lodash-4.17.19.tgz",
      "integrity": "sha1-5I3e2+MLMyF4PFtDAfvTU7weSks="
    },
    "lodash-es": {
      "version": "4.17.15",
      "resolved": "http://registry.npm.baidu-int.com/lodash-es/-/lodash-es-4.17.15.tgz",
      "integrity": "sha512-rlrc3yU3+JNOpZ9zj5pQtxnx2THmvRykwL4Xlxoa8I9lHBlVbbyPhgyPMioxVZ4NqyxaVVtaJnzsyOidQIhyyQ==",
      "dev": true
    },
    "lodash.curry": {
      "version": "4.1.1",
      "resolved": "http://registry.npm.baidu-int.com/lodash.curry/-/lodash.curry-4.1.1.tgz",
      "integrity": "sha1-JI42By7ekGUB11lmIAqG2riyMXA=",
      "dev": true
    },
    "lodash.flow": {
      "version": "3.5.0",
      "resolved": "http://registry.npm.baidu-int.com/lodash.flow/-/lodash.flow-3.5.0.tgz",
      "integrity": "sha1-h79AKSuM+D5OjOGjrkIJ4gBxZ1o=",
      "dev": true
    },
    "loose-envify": {
      "version": "1.4.0",
      "resolved": "http://registry.npm.baidu-int.com/loose-envify/-/loose-envify-1.4.0.tgz",
      "integrity": "sha512-lyuxPGr/Wfhrlem2CL/UcnUc1zcqKAImBDzukY7Y5F/yQiNdko6+fRLevlw1HgMySw7f611UIY408EtxRSoK3Q==",
      "dev": true,
      "requires": {
        "js-tokens": "^3.0.0 || ^4.0.0"
      }
    },
    "make-error": {
      "version": "1.3.6",
      "resolved": "http://registry.npm.baidu-int.com/make-error/-/make-error-1.3.6.tgz",
      "integrity": "sha1-LrLjfqm2fEiR9oShOUeZr0hM96I=",
      "dev": true
    },
    "match-sorter": {
      "version": "2.2.1",
      "resolved": "http://registry.npm.baidu-int.com/match-sorter/-/match-sorter-2.2.1.tgz",
      "integrity": "sha512-5yp6Zv16Qp4yih9QOsAvvZlfhwcxfxpzyIk+4noNWKURYv4y4KWNLgHn4uW2wUMMImQEd+5tjYVn54z6gWYKLQ==",
      "dev": true,
      "requires": {
        "diacritic": "0.0.2"
      },
      "dependencies": {
        "diacritic": {
          "version": "0.0.2",
          "bundled": true,
          "dev": true
        }
      }
    },
    "material-colors": {
      "version": "1.2.6",
      "resolved": "http://registry.npm.baidu-int.com/material-colors/-/material-colors-1.2.6.tgz",
      "integrity": "sha512-6qE4B9deFBIa9YSpOc9O0Sgc43zTeVYbgDT5veRKSlB2+ZuHNoVVxA1L/ckMUayV9Ay9y7Z/SZCLcGteW9i7bg==",
      "dev": true
    },
    "mobx": {
      "version": "4.15.4",
      "resolved": "http://registry.npm.baidu-int.com/mobx/-/mobx-4.15.4.tgz",
      "integrity": "sha1-ZE6sgL3RV5OFUZTnZMR1BBEBtAY=",
      "dev": true
    },
    "mobx-react": {
      "version": "6.2.2",
      "resolved": "http://registry.npm.baidu-int.com/mobx-react/-/mobx-react-6.2.2.tgz",
      "integrity": "sha1-RejnxIlMrIOZu6CpEGDXz7jqCEs=",
      "dev": true,
      "requires": {
        "mobx-react-lite": "2"
      }
    },
    "mobx-react-lite": {
      "version": "2.0.7",
      "resolved": "http://registry.npm.baidu-int.com/mobx-react-lite/-/mobx-react-lite-2.0.7.tgz",
      "integrity": "sha1-G/s7QnJmjiiAR88MeUCxTpHLooQ=",
      "dev": true
    },
    "mobx-state-tree": {
      "version": "3.17.2",
      "resolved": "http://registry.npm.baidu-int.com/mobx-state-tree/-/mobx-state-tree-3.17.2.tgz",
      "integrity": "sha1-Ewq01FD8TdbiVxtzha8TUMgt7zc=",
      "dev": true
    },
    "moment": {
      "version": "2.27.0",
      "resolved": "http://registry.npm.baidu-int.com/moment/-/moment-2.27.0.tgz",
      "integrity": "sha1-i/9OPiaiNiIN/j423nVrbrqgEF0=",
      "dev": true
    },
    "monaco-editor": {
      "version": "0.17.1",
      "resolved": "http://registry.npm.baidu-int.com/monaco-editor/-/monaco-editor-0.17.1.tgz",
      "integrity": "sha512-JAc0mtW7NeO+0SwPRcdkfDbWLgkqL9WfP1NbpP9wNASsW6oWqgZqNIWt4teymGjZIXTElx3dnQmUYHmVrJ7HxA==",
      "dev": true
    },
    "node-fetch": {
      "version": "1.7.3",
      "resolved": "http://registry.npm.baidu-int.com/node-fetch/-/node-fetch-1.7.3.tgz",
      "integrity": "sha1-mA9vcthSEaU0fGsrwYxbhMPrR+8=",
      "dev": true,
      "requires": {
        "encoding": "^0.1.11",
        "is-stream": "^1.0.1"
      }
    },
    "object-assign": {
      "version": "4.1.1",
      "resolved": "http://registry.npm.baidu-int.com/object-assign/-/object-assign-4.1.1.tgz",
      "integrity": "sha1-IQmtx5ZYh8/AXLvUQsrIv7s2CGM=",
      "dev": true
    },
    "promise": {
      "version": "7.3.1",
      "resolved": "http://registry.npm.baidu-int.com/promise/-/promise-7.3.1.tgz",
      "integrity": "sha1-BktyYCsY+Q8pGSuLG8QY/9Hr078=",
      "dev": true,
      "requires": {
        "asap": "~2.0.3"
      }
    },
    "prop-types": {
      "version": "15.7.2",
      "resolved": "http://registry.npm.baidu-int.com/prop-types/-/prop-types-15.7.2.tgz",
      "integrity": "sha1-UsQedbjIfnK52TYOAga5ncv/psU=",
      "dev": true,
      "requires": {
        "loose-envify": "^1.4.0",
        "object-assign": "^4.1.1",
        "react-is": "^16.8.1"
      }
    },
    "prop-types-extra": {
      "version": "1.1.1",
      "resolved": "http://registry.npm.baidu-int.com/prop-types-extra/-/prop-types-extra-1.1.1.tgz",
      "integrity": "sha1-WMO3TL+7ldMEYll1qi8ISDKaAQs=",
      "dev": true,
      "requires": {
        "react-is": "^16.3.2",
        "warning": "^4.0.0"
      },
      "dependencies": {
        "warning": {
          "version": "4.0.3",
          "resolved": "http://registry.npm.baidu-int.com/warning/-/warning-4.0.3.tgz",
          "integrity": "sha1-Fungd+uKhtavfWSqHgX9hbRnjKM=",
          "dev": true,
          "requires": {
            "loose-envify": "^1.0.0"
          }
        }
      }
    },
    "pure-color": {
      "version": "1.3.0",
      "resolved": "http://registry.npm.baidu-int.com/pure-color/-/pure-color-1.3.0.tgz",
      "integrity": "sha1-H+Bk+wrIUfDeYTIKi/eWg2Qi8z4=",
      "dev": true
    },
    "qr.js": {
      "version": "0.0.0",
      "resolved": "http://registry.npm.baidu-int.com/qr.js/-/qr.js-0.0.0.tgz",
      "integrity": "sha1-ys6GOG9ZoNuAUPqQ2baw6IoeNk8=",
      "dev": true
    },
    "qrcode.react": {
      "version": "0.8.0",
      "resolved": "http://registry.npm.baidu-int.com/qrcode.react/-/qrcode.react-0.8.0.tgz",
      "integrity": "sha1-QTsxzDtikQ45UT976tlF4BxMNPs=",
      "dev": true,
      "requires": {
        "prop-types": "^15.6.0",
        "qr.js": "0.0.0"
      }
    },
    "qs": {
      "version": "6.5.1",
      "resolved": "http://registry.npm.baidu-int.com/qs/-/qs-6.5.1.tgz",
      "integrity": "sha1-NJzfbu+J7EXBLX1es/wMhwNDptg=",
      "dev": true
    },
    "rc-input-number": {
      "version": "4.4.5",
      "resolved": "http://registry.npm.baidu-int.com/rc-input-number/-/rc-input-number-4.4.5.tgz",
      "integrity": "sha512-Dt20e8Ylc/N/6oXiPUlwDVdx3fz7W5umUOa4z5pBuWFG7NPlBVXRWkq7+nbnTyaK24UxN67PVpmD3+Omo+QRZQ==",
      "dev": true,
      "requires": {
        "babel-runtime": "6.x",
        "classnames": "^2.2.0",
        "prop-types": "^15.5.7",
        "rc-util": "^4.5.1",
        "rmc-feedback": "^2.0.0"
      }
    },
    "rc-util": {
      "version": "4.21.1",
      "resolved": "http://registry.npm.baidu-int.com/rc-util/-/rc-util-4.21.1.tgz",
      "integrity": "sha1-iGAtDDGFAgqhBT2aHnDqwWG+ywU=",
      "dev": true,
      "requires": {
        "add-dom-event-listener": "^1.1.0",
        "prop-types": "^15.5.10",
        "react-is": "^16.12.0",
        "react-lifecycles-compat": "^3.0.4",
        "shallowequal": "^1.1.0"
      }
    },
    "react": {
      "version": "16.13.1",
      "resolved": "http://registry.npm.baidu-int.com/react/-/react-16.13.1.tgz",
      "integrity": "sha1-LoGIIvGpdDEiwGPWQQ2FweOv5I4=",
      "dev": true,
      "requires": {
        "loose-envify": "^1.1.0",
        "object-assign": "^4.1.1",
        "prop-types": "^15.6.2"
      }
    },
    "react-addons-update": {
      "version": "15.6.2",
      "resolved": "http://registry.npm.baidu-int.com/react-addons-update/-/react-addons-update-15.6.2.tgz",
      "integrity": "sha1-5TdTxbNIh5dFEMiC1/sHWFHV5QQ=",
      "dev": true,
      "requires": {
        "fbjs": "^0.8.9",
        "object-assign": "^4.1.0"
      }
    },
    "react-base16-styling": {
      "version": "0.5.3",
      "resolved": "http://registry.npm.baidu-int.com/react-base16-styling/-/react-base16-styling-0.5.3.tgz",
      "integrity": "sha1-OFjyTpxN2MvT9wLz901YHKKRcmk=",
      "dev": true,
      "requires": {
        "base16": "^1.0.0",
        "lodash.curry": "^4.0.1",
        "lodash.flow": "^3.3.0",
        "pure-color": "^1.2.0"
      }
    },
    "react-color": {
      "version": "2.13.8",
      "resolved": "http://registry.npm.baidu-int.com/react-color/-/react-color-2.13.8.tgz",
      "integrity": "sha1-vMWPeaciub/DfEAuaM0Y8mlwruQ=",
      "dev": true,
      "requires": {
        "lodash": "^4.0.1",
        "material-colors": "^1.2.1",
        "prop-types": "^15.5.10",
        "reactcss": "^1.2.0",
        "tinycolor2": "^1.4.1"
      }
    },
    "react-cropper": {
      "version": "1.0.0",
      "resolved": "http://registry.npm.baidu-int.com/react-cropper/-/react-cropper-1.0.0.tgz",
      "integrity": "sha1-e2WoW7/NZPpYa+JXQrPxajeEdBQ=",
      "dev": true,
      "requires": {
        "cropperjs": "v1.0.0-rc.3",
        "prop-types": "^15.5.8"
      }
    },
    "react-datetime": {
      "version": "2.16.0",
      "resolved": "http://registry.npm.baidu-int.com/react-datetime/-/react-datetime-2.16.0.tgz",
      "integrity": "sha512-9loyehO/LKaln15uevEKysQNRhyqqfSyr5Fbv3TcLTFwX47R/dG72GQpvXCRw7v5WJ9xDpbOJy4MxFt76gITwQ==",
      "dev": true,
      "requires": {
        "create-react-class": "^15.5.2",
        "object-assign": "^3.0.0",
        "prop-types": "^15.5.7",
        "react-onclickoutside": "^6.5.0"
      },
      "dependencies": {
        "object-assign": {
          "version": "3.0.0",
          "resolved": "http://registry.npm.baidu-int.com/object-assign/-/object-assign-3.0.0.tgz",
          "integrity": "sha1-m+3VygiXlJvKR+f/QIBi1Un1h/I=",
          "dev": true
        }
      }
    },
    "react-dom": {
      "version": "16.13.1",
      "resolved": "http://registry.npm.baidu-int.com/react-dom/-/react-dom-16.13.1.tgz",
      "integrity": "sha1-wb03MxoEhsB47lTEdAcgmTsuDn8=",
      "dev": true,
      "requires": {
        "loose-envify": "^1.1.0",
        "object-assign": "^4.1.1",
        "prop-types": "^15.6.2",
        "scheduler": "^0.19.1"
      }
    },
    "react-dropzone": {
      "version": "10.1.10",
      "resolved": "http://registry.npm.baidu-int.com/react-dropzone/-/react-dropzone-10.1.10.tgz",
      "integrity": "sha512-vcLBdkYo7wgZpw1o4cz7uk8/Mmm+sYHeiTfFSshA/EGthz/TjjrTOrKwvFHm3o1p1LPk+x+KbDDlw5OeIo6eYA==",
      "dev": true,
      "requires": {
        "attr-accept": "^1.1.3",
        "file-selector": "^0.1.11",
        "prop-types": "^15.7.2"
      }
    },
    "react-input-autosize": {
      "version": "2.2.2",
      "resolved": "http://registry.npm.baidu-int.com/react-input-autosize/-/react-input-autosize-2.2.2.tgz",
      "integrity": "sha512-jQJgYCA3S0j+cuOwzuCd1OjmBmnZLdqQdiLKRYrsMMzbjUrVDS5RvJUDwJqA7sKuksDuzFtm6hZGKFu7Mjk5aw==",
      "dev": true,
      "requires": {
        "prop-types": "^15.5.8"
      }
    },
    "react-input-range": {
      "version": "1.2.1",
      "resolved": "http://registry.npm.baidu-int.com/react-input-range/-/react-input-range-1.2.1.tgz",
      "integrity": "sha1-EP9fwexqudleFc3evm9oedssM4Y=",
      "dev": true,
      "requires": {
        "autobind-decorator": "^1.3.4",
        "prop-types": "^15.5.8"
      },
      "dependencies": {
        "autobind-decorator": {
          "version": "1.4.3",
          "resolved": "http://registry.npm.baidu-int.com/autobind-decorator/-/autobind-decorator-1.4.3.tgz",
          "integrity": "sha1-TJb/p3sQYi7eJPEQ9du/VmkUF9E=",
          "dev": true
        }
      }
    },
    "react-is": {
      "version": "16.13.1",
      "resolved": "http://registry.npm.baidu-int.com/react-is/-/react-is-16.13.1.tgz",
      "integrity": "sha1-eJcppNw23imZ3BVt1sHZwYzqVqQ=",
      "dev": true
    },
    "react-json-tree": {
      "version": "0.11.0",
      "resolved": "http://registry.npm.baidu-int.com/react-json-tree/-/react-json-tree-0.11.0.tgz",
      "integrity": "sha1-9bF+gzKanHauOL5cBP2jp/1oSjU=",
      "dev": true,
      "requires": {
        "babel-runtime": "^6.6.1",
        "prop-types": "^15.5.8",
        "react-base16-styling": "^0.5.1"
      }
    },
    "react-lifecycles-compat": {
      "version": "3.0.4",
      "resolved": "http://registry.npm.baidu-int.com/react-lifecycles-compat/-/react-lifecycles-compat-3.0.4.tgz",
      "integrity": "sha512-fBASbA6LnOU9dOU2eW7aQ8xmYBSXUIWr+UmF9b1efZBazGNO+rcXT/icdKnYm2pTwcRylVUYwW7H1PHfLekVzA==",
      "dev": true
    },
    "react-onclickoutside": {
      "version": "6.9.0",
      "resolved": "http://registry.npm.baidu-int.com/react-onclickoutside/-/react-onclickoutside-6.9.0.tgz",
      "integrity": "sha512-8ltIY3bC7oGhj2nPAvWOGi+xGFybPNhJM0V1H8hY/whNcXgmDeaeoCMPPd8VatrpTsUWjb/vGzrmu6SrXVty3A==",
      "dev": true
    },
    "react-overlays": {
      "version": "0.8.3",
      "resolved": "http://registry.npm.baidu-int.com/react-overlays/-/react-overlays-0.8.3.tgz",
      "integrity": "sha1-+tZe6lskMBzKGSoWn13dsLINOsU=",
      "dev": true,
      "requires": {
        "classnames": "^2.2.5",
        "dom-helpers": "^3.2.1",
        "prop-types": "^15.5.10",
        "prop-types-extra": "^1.0.1",
        "react-transition-group": "^2.2.0",
        "warning": "^3.0.0"
      }
    },
    "react-progress-2": {
      "version": "4.4.3",
      "resolved": "http://registry.npm.baidu-int.com/react-progress-2/-/react-progress-2-4.4.3.tgz",
      "integrity": "sha1-vN+XyZqsc+vPUGHwXsG6ObVH6lg=",
      "dev": true
    },
    "react-select": {
      "version": "1.2.1",
      "resolved": "http://registry.npm.baidu-int.com/react-select/-/react-select-1.2.1.tgz",
      "integrity": "sha1-ov5YpWnrFNyqZUOBYmC5flOBINE=",
      "dev": true,
      "requires": {
        "classnames": "^2.2.4",
        "prop-types": "^15.5.8",
        "react-input-autosize": "^2.1.2"
      }
    },
    "react-textarea-autosize": {
      "version": "5.1.0",
      "resolved": "http://registry.npm.baidu-int.com/react-textarea-autosize/-/react-textarea-autosize-5.1.0.tgz",
      "integrity": "sha1-/7+BZPziF8eUQ8HBfe33MFkt8iQ=",
      "dev": true,
      "requires": {
        "prop-types": "^15.5.10"
      }
    },
    "react-transition-group": {
      "version": "2.9.0",
      "resolved": "http://registry.npm.baidu-int.com/react-transition-group/-/react-transition-group-2.9.0.tgz",
      "integrity": "sha1-35zbAleWIRFRpDbGmo87l7WwfI0=",
      "dev": true,
      "requires": {
        "dom-helpers": "^3.4.0",
        "loose-envify": "^1.4.0",
        "prop-types": "^15.6.2",
        "react-lifecycles-compat": "^3.0.4"
      }
    },
    "react-visibility-sensor": {
      "version": "3.11.0",
      "resolved": "http://registry.npm.baidu-int.com/react-visibility-sensor/-/react-visibility-sensor-3.11.0.tgz",
      "integrity": "sha1-LaCJzLGLM+w1OZFLMAsSBoSv8uA=",
      "dev": true,
      "requires": {
        "create-react-class": "^15.5.1",
        "prop-types": "^15.5.4"
      }
    },
    "reactcss": {
      "version": "1.2.3",
      "resolved": "http://registry.npm.baidu-int.com/reactcss/-/reactcss-1.2.3.tgz",
      "integrity": "sha1-wAATh15Vexzw39mjaKHD2rO1SN0=",
      "dev": true,
      "requires": {
        "lodash": "^4.0.1"
      }
    },
    "redux": {
      "version": "3.7.2",
      "resolved": "http://registry.npm.baidu-int.com/redux/-/redux-3.7.2.tgz",
      "integrity": "sha1-BrcxIyFZAdJdBlvjQusCa8HIU3s=",
      "dev": true,
      "requires": {
        "lodash": "^4.2.1",
        "lodash-es": "^4.2.1",
        "loose-envify": "^1.1.0",
        "symbol-observable": "^1.0.3"
      }
    },
    "regenerator-runtime": {
      "version": "0.13.5",
      "resolved": "http://registry.npm.baidu-int.com/regenerator-runtime/-/regenerator-runtime-0.13.5.tgz",
      "integrity": "sha1-2Hih0JS0MG0QuQlkhLM+vVXiZpc=",
      "dev": true
    },
    "resolve-pathname": {
      "version": "2.2.0",
      "resolved": "http://registry.npm.baidu-int.com/resolve-pathname/-/resolve-pathname-2.2.0.tgz",
      "integrity": "sha1-fpriHtgV/WOrGJre7mTcgx7vqHk=",
      "dev": true
    },
    "rmc-feedback": {
      "version": "2.0.0",
      "resolved": "http://registry.npm.baidu-int.com/rmc-feedback/-/rmc-feedback-2.0.0.tgz",
      "integrity": "sha512-5PWOGOW7VXks/l3JzlOU9NIxRpuaSS8d9zA3UULUCuTKnpwBHNvv1jSJzxgbbCQeYzROWUpgKI4za3X4C/mKmQ==",
      "dev": true,
      "requires": {
        "babel-runtime": "6.x",
        "classnames": "^2.2.5"
      }
    },
    "safer-buffer": {
      "version": "2.1.2",
      "resolved": "http://registry.npm.baidu-int.com/safer-buffer/-/safer-buffer-2.1.2.tgz",
      "integrity": "sha512-YZo3K82SD7Riyi0E1EQPojLz7kpepnSQI9IyPbHHg1XXXevb5dJI7tpyN2ADxGcQbHG7vcyRHk0cbwqcQriUtg==",
      "dev": true
    },
    "scheduler": {
      "version": "0.19.1",
      "resolved": "http://registry.npm.baidu-int.com/scheduler/-/scheduler-0.19.1.tgz",
      "integrity": "sha1-Tz4u0sGn1laB9MhU+oxaHMtA8ZY=",
      "dev": true,
      "requires": {
        "loose-envify": "^1.1.0",
        "object-assign": "^4.1.1"
      }
    },
    "setimmediate": {
      "version": "1.0.5",
      "resolved": "http://registry.npm.baidu-int.com/setimmediate/-/setimmediate-1.0.5.tgz",
      "integrity": "sha1-KQy7Iy4waULX1+qbg3Mqt4VvgoU=",
      "dev": true
    },
    "shallowequal": {
      "version": "1.1.0",
      "resolved": "http://registry.npm.baidu-int.com/shallowequal/-/shallowequal-1.1.0.tgz",
      "integrity": "sha512-y0m1JoUZSlPAjXVtPPW70aZWfIL/dSP7AFkRnniLCrK/8MDKog3TySTBmckD+RObVxH0v4Tox67+F14PdED2oQ==",
      "dev": true
    },
    "sortablejs": {
      "version": "1.10.0",
      "resolved": "http://registry.npm.baidu-int.com/sortablejs/-/sortablejs-1.10.0.tgz",
      "integrity": "sha512-+e0YakK1BxgEZpf9l9UiFaiQ8ZOBn1p/4qkkXr8QDVmYyCrUDTyDRRGm0AgW4E4cD0wtgxJ6yzIRkSPUwqhuhg==",
      "dev": true
    },
    "source-map": {
      "version": "0.6.1",
      "resolved": "http://registry.npm.baidu-int.com/source-map/-/source-map-0.6.1.tgz",
      "integrity": "sha1-dHIq8y6WFOnCh6jQu95IteLxomM=",
      "dev": true
    },
    "source-map-support": {
      "version": "0.5.19",
      "resolved": "http://registry.npm.baidu-int.com/source-map-support/-/source-map-support-0.5.19.tgz",
      "integrity": "sha1-qYti+G3K9PZzmWSMCFKRq56P7WE=",
      "dev": true,
      "requires": {
        "buffer-from": "^1.0.0",
        "source-map": "^0.6.0"
      }
    },
    "symbol-observable": {
      "version": "1.2.0",
      "resolved": "http://registry.npm.baidu-int.com/symbol-observable/-/symbol-observable-1.2.0.tgz",
      "integrity": "sha1-wiaIrtTqs83C3+rLtWFmBWCgCAQ=",
      "dev": true
    },
    "tinycolor2": {
      "version": "1.4.1",
      "resolved": "http://registry.npm.baidu-int.com/tinycolor2/-/tinycolor2-1.4.1.tgz",
      "integrity": "sha1-9PrTM0R7wLB9TcjpIJ2POaisd+g=",
      "dev": true
    },
    "tinymce": {
      "version": "5.2.2",
      "resolved": "http://registry.npm.baidu-int.com/tinymce/-/tinymce-5.2.2.tgz",
      "integrity": "sha1-Gsd8zhVltUkytOYS0v2cB7aH8jg=",
      "dev": true
    },
    "ts-node": {
      "version": "8.10.2",
      "resolved": "http://registry.npm.baidu-int.com/ts-node/-/ts-node-8.10.2.tgz",
      "integrity": "sha1-7uA3ZGM7EjTd03+NuewQt17H+40=",
      "dev": true,
      "requires": {
        "arg": "^4.1.0",
        "diff": "^4.0.1",
        "make-error": "^1.1.1",
        "source-map-support": "^0.5.17",
        "yn": "3.1.1"
      }
    },
    "tslib": {
      "version": "1.13.0",
      "resolved": "http://registry.npm.baidu-int.com/tslib/-/tslib-1.13.0.tgz",
      "integrity": "sha1-yIHhPMcBWJTtkUhi0nZDb6mkcEM=",
      "dev": true
    },
    "typescript": {
      "version": "3.9.7",
      "resolved": "http://registry.npm.baidu-int.com/typescript/-/typescript-3.9.7.tgz",
      "integrity": "sha1-mNYApevcOPQMsndSLxLcgA6eJfo=",
      "dev": true
    },
    "ua-parser-js": {
      "version": "0.7.21",
      "resolved": "http://registry.npm.baidu-int.com/ua-parser-js/-/ua-parser-js-0.7.21.tgz",
      "integrity": "sha1-hTz5zpP2QvZxdCc8w0Vlrm8wh3c=",
      "dev": true
    },
    "uncontrollable": {
      "version": "7.0.2",
      "resolved": "http://registry.npm.baidu-int.com/uncontrollable/-/uncontrollable-7.0.2.tgz",
      "integrity": "sha512-7fa8OBQ5+X4VAcp0os6BD74bCeUPQSHmr4Rqy75Me98NnlD5kNShCqqx4xWo4OmlAMiT2/YSMklLFC4FCuoGYg==",
      "dev": true,
      "requires": {
        "@babel/runtime": "^7.4.5",
        "invariant": "^2.2.4",
        "react-lifecycles-compat": "^3.0.4"
      }
    },
    "url-toolkit": {
      "version": "2.2.0",
      "resolved": "http://registry.npm.baidu-int.com/url-toolkit/-/url-toolkit-2.2.0.tgz",
      "integrity": "sha1-mle4nzFdS33DQOFQvPpUjd9fXOk=",
      "dev": true
    },
    "value-equal": {
      "version": "0.4.0",
      "resolved": "http://registry.npm.baidu-int.com/value-equal/-/value-equal-0.4.0.tgz",
      "integrity": "sha1-xb3S9U7gk8BIOdcc4uR1imiQq8c=",
      "dev": true
    },
    "video-react": {
      "version": "0.9.4",
      "resolved": "http://registry.npm.baidu-int.com/video-react/-/video-react-0.9.4.tgz",
      "integrity": "sha1-9FoIGCQTTeJDNCh8ycNvuakZ9cg=",
      "dev": true,
      "requires": {
        "classnames": "^2.2.3",
        "prop-types": "^15.6.0"
      }
    },
    "warning": {
      "version": "3.0.0",
      "resolved": "http://registry.npm.baidu-int.com/warning/-/warning-3.0.0.tgz",
      "integrity": "sha1-MuU3fLVy3kqwR1O9+IIcAe1gW3w=",
      "dev": true,
      "requires": {
        "loose-envify": "^1.0.0"
      }
    },
    "webworkify": {
      "version": "1.5.0",
      "resolved": "http://registry.npm.baidu-int.com/webworkify/-/webworkify-1.5.0.tgz",
      "integrity": "sha1-c0rYendN5uvdVG4dPgJ9pbj0pCw=",
      "dev": true
    },
    "whatwg-fetch": {
      "version": "3.2.0",
      "resolved": "http://registry.npm.baidu-int.com/whatwg-fetch/-/whatwg-fetch-3.2.0.tgz",
      "integrity": "sha1-jhNPcB8KSrX9qCYm8RPitkf9Ftw=",
      "dev": true
    },
    "yn": {
      "version": "3.1.1",
      "resolved": "http://registry.npm.baidu-int.com/yn/-/yn-3.1.1.tgz",
      "integrity": "sha512-Ux4ygGWsu2c7isFWe8Yu1YluJmqVhxqK2cLXNQA5AcC3QfbGNpM7fu0Y8b/z16pXLnFxZYvWhd3fhBY9DLmC6Q==",
      "dev": true
    },
    "zrender": {
      "version": "4.3.1",
      "resolved": "http://registry.npm.baidu-int.com/zrender/-/zrender-4.3.1.tgz",
      "integrity": "sha1-uviqbcgYei+BlpLX1fm+36K5D6M=",
      "dev": true
    }
  }
}
